
Microsoft Visual Studio Solution File, Format Version 12.00
# Visual Studio 2012
Project("{FAE04EC0-301F-11D3-BF4B-00C04F79EFBC}") = "encrytion_console_application", "encrytion_console_application\encrytion_console_application.csproj", "{8D3BF9B3-EBFD-47FE-8B20-6830728CF44D}"
EndProject
Global
	GlobalSection(SolutionConfigurationPlatforms) = preSolution
		Debug|Any CPU = Debug|Any CPU
		Release|Any CPU = Release|Any CPU
	EndGlobalSection
	GlobalSection(ProjectConfigurationPlatforms) = postSolution
		{8D3BF9B3-EBFD-47FE-8B20-6830728CF44D}.Debug|Any CPU.ActiveCfg = Debug|Any CPU
		{8D3BF9B3-EBFD-47FE-8B20-6830728CF44D}.Debug|Any CPU.Build.0 = Debug|Any CPU
		{8D3BF9B3-EBFD-47FE-8B20-6830728CF44D}.Release|Any CPU.ActiveCfg = Release|Any CPU
		{8D3BF9B3-EBFD-47FE-8B20-6830728CF44D}.Release|Any CPU.Build.0 = Release|Any CPU
	EndGlobalSection
	GlobalSection(SolutionProperties) = preSolution
		HideSolutionNode = FALSE
	EndGlobalSection
EndGlobal
